
Microsoft Visual Studio Solution File, Format Version 12.00
# Visual Studio Version 17
VisualStudioVersion = 17.7.34202.233
MinimumVisualStudioVersion = 10.0.40219.1
Project("{9A19103F-16F7-4668-BE54-9A1E7A4F7556}") = "TaskManager.Common.Models", "TaskManager.Common.Models\TaskManager.Common.Models.csproj", "{9D113677-600E-48CB-A631-E7322C5FCFED}"
EndProject
Project("{2150E333-8FDC-42A3-9474-1A3956D46DE8}") = "Solution Items", "Solution Items", "{2D9130F3-249B-43AD-9AD2-BC8B1886C96D}"
	ProjectSection(SolutionItems) = preProject
		.editorconfig = .editorconfig
	EndProjectSection
EndProject
Project("{9A19103F-16F7-4668-BE54-9A1E7A4F7556}") = "TaskManager.Client", "TaskManager.Client\TaskManager.Client.csproj", "{7ABEC2ED-419E-4F87-A8C4-B436A278D9A6}"
EndProject
Project("{9A19103F-16F7-4668-BE54-9A1E7A4F7556}") = "TaskManager.ClientTests", "TaskManager.ClientTests\TaskManager.ClientTests.csproj", "{29881FA9-8D21-496A-9B37-99D93BEBC2C8}"
EndProject
Project("{9A19103F-16F7-4668-BE54-9A1E7A4F7556}") = "TaskManagerApi", "TaskManagerApi\TaskManagerApi.csproj", "{99DB82AA-3309-492C-8282-55BF061BF938}"
EndProject
Global
	GlobalSection(SolutionConfigurationPlatforms) = preSolution
		Debug|Any CPU = Debug|Any CPU
		Release|Any CPU = Release|Any CPU
	EndGlobalSection
	GlobalSection(ProjectConfigurationPlatforms) = postSolution
		{9D113677-600E-48CB-A631-E7322C5FCFED}.Debug|Any CPU.ActiveCfg = Debug|Any CPU
		{9D113677-600E-48CB-A631-E7322C5FCFED}.Debug|Any CPU.Build.0 = Debug|Any CPU
		{9D113677-600E-48CB-A631-E7322C5FCFED}.Release|Any CPU.ActiveCfg = Release|Any CPU
		{9D113677-600E-48CB-A631-E7322C5FCFED}.Release|Any CPU.Build.0 = Release|Any CPU
		{7ABEC2ED-419E-4F87-A8C4-B436A278D9A6}.Debug|Any CPU.ActiveCfg = Debug|Any CPU
		{7ABEC2ED-419E-4F87-A8C4-B436A278D9A6}.Debug|Any CPU.Build.0 = Debug|Any CPU
		{7ABEC2ED-419E-4F87-A8C4-B436A278D9A6}.Release|Any CPU.ActiveCfg = Release|Any CPU
		{7ABEC2ED-419E-4F87-A8C4-B436A278D9A6}.Release|Any CPU.Build.0 = Release|Any CPU
		{29881FA9-8D21-496A-9B37-99D93BEBC2C8}.Debug|Any CPU.ActiveCfg = Debug|Any CPU
		{29881FA9-8D21-496A-9B37-99D93BEBC2C8}.Debug|Any CPU.Build.0 = Debug|Any CPU
		{29881FA9-8D21-496A-9B37-99D93BEBC2C8}.Release|Any CPU.ActiveCfg = Release|Any CPU
		{29881FA9-8D21-496A-9B37-99D93BEBC2C8}.Release|Any CPU.Build.0 = Release|Any CPU
		{99DB82AA-3309-492C-8282-55BF061BF938}.Debug|Any CPU.ActiveCfg = Debug|Any CPU
		{99DB82AA-3309-492C-8282-55BF061BF938}.Debug|Any CPU.Build.0 = Debug|Any CPU
		{99DB82AA-3309-492C-8282-55BF061BF938}.Release|Any CPU.ActiveCfg = Release|Any CPU
		{99DB82AA-3309-492C-8282-55BF061BF938}.Release|Any CPU.Build.0 = Release|Any CPU
	EndGlobalSection
	GlobalSection(SolutionProperties) = preSolution
		HideSolutionNode = FALSE
	EndGlobalSection
	GlobalSection(ExtensibilityGlobals) = postSolution
		SolutionGuid = {14052958-36C7-4AE3-A5E9-1033FD60D3CC}
	EndGlobalSection
EndGlobal
