
Microsoft Visual Studio Solution File, Format Version 12.00
# Visual Studio Version 17
VisualStudioVersion = 17.7.34202.233
MinimumVisualStudioVersion = 10.0.40219.1
Project("{9A19103F-16F7-4668-BE54-9A1E7A4F7556}") = "TaskManagerApi", "TaskManagerApi.csproj", "{8AD84A5A-E5A1-4C27-BCBA-01CA1D4B91E5}"
EndProject
Project("{FAE04EC0-301F-11D3-BF4B-00C04F79EFBC}") = "TaskManager.Common.Models", "..\TaskManager.Common.Models\TaskManager.Common.Models.csproj", "{9912CD68-8F95-4C35-8FBB-AE1794548986}"
EndProject
Global
	GlobalSection(SolutionConfigurationPlatforms) = preSolution
		Debug|Any CPU = Debug|Any CPU
		Release|Any CPU = Release|Any CPU
	EndGlobalSection
	GlobalSection(ProjectConfigurationPlatforms) = postSolution
		{8AD84A5A-E5A1-4C27-BCBA-01CA1D4B91E5}.Debug|Any CPU.ActiveCfg = Debug|Any CPU
		{8AD84A5A-E5A1-4C27-BCBA-01CA1D4B91E5}.Debug|Any CPU.Build.0 = Debug|Any CPU
		{8AD84A5A-E5A1-4C27-BCBA-01CA1D4B91E5}.Release|Any CPU.ActiveCfg = Release|Any CPU
		{8AD84A5A-E5A1-4C27-BCBA-01CA1D4B91E5}.Release|Any CPU.Build.0 = Release|Any CPU
		{9912CD68-8F95-4C35-8FBB-AE1794548986}.Debug|Any CPU.ActiveCfg = Debug|Any CPU
		{9912CD68-8F95-4C35-8FBB-AE1794548986}.Debug|Any CPU.Build.0 = Debug|Any CPU
		{9912CD68-8F95-4C35-8FBB-AE1794548986}.Release|Any CPU.ActiveCfg = Release|Any CPU
		{9912CD68-8F95-4C35-8FBB-AE1794548986}.Release|Any CPU.Build.0 = Release|Any CPU
	EndGlobalSection
	GlobalSection(SolutionProperties) = preSolution
		HideSolutionNode = FALSE
	EndGlobalSection
	GlobalSection(ExtensibilityGlobals) = postSolution
		SolutionGuid = {119F80EC-227C-450E-9503-84F63E74943E}
	EndGlobalSection
EndGlobal
